
Microsoft Visual Studio Solution File, Format Version 12.00
# Visual Studio Version 16
VisualStudioVersion = 16.0.31729.503
MinimumVisualStudioVersion = 10.0.40219.1
Project("{FAE04EC0-301F-11D3-BF4B-00C04F79EFBC}") = "SchoolLibraryADONET", "SchoolLibraryADONET\SchoolLibraryADONET.csproj", "{A3341FAC-BE2B-478A-9EB8-F836F0775906}"
EndProject
Project("{FAE04EC0-301F-11D3-BF4B-00C04F79EFBC}") = "SchoolLibraryADONET_DataAccessLayer", "SchoolLibraryADONET_DataAccessLayer\SchoolLibraryADONET_DataAccessLayer.csproj", "{7047089B-9E44-49BA-A038-0B598B610BDA}"
EndProject
Project("{FAE04EC0-301F-11D3-BF4B-00C04F79EFBC}") = "SchoolLibraryADONET_BusinessLogicLayer", "SchoolLibraryADONET_BusinessLogicLayer\SchoolLibraryADONET_BusinessLogicLayer.csproj", "{A3FC5C7B-006E-4BD8-9264-D240DEB98ACA}"
EndProject
Global
	GlobalSection(SolutionConfigurationPlatforms) = preSolution
		Debug|Any CPU = Debug|Any CPU
		Release|Any CPU = Release|Any CPU
	EndGlobalSection
	GlobalSection(ProjectConfigurationPlatforms) = postSolution
		{A3341FAC-BE2B-478A-9EB8-F836F0775906}.Debug|Any CPU.ActiveCfg = Debug|Any CPU
		{A3341FAC-BE2B-478A-9EB8-F836F0775906}.Debug|Any CPU.Build.0 = Debug|Any CPU
		{A3341FAC-BE2B-478A-9EB8-F836F0775906}.Release|Any CPU.ActiveCfg = Release|Any CPU
		{A3341FAC-BE2B-478A-9EB8-F836F0775906}.Release|Any CPU.Build.0 = Release|Any CPU
		{7047089B-9E44-49BA-A038-0B598B610BDA}.Debug|Any CPU.ActiveCfg = Debug|Any CPU
		{7047089B-9E44-49BA-A038-0B598B610BDA}.Debug|Any CPU.Build.0 = Debug|Any CPU
		{7047089B-9E44-49BA-A038-0B598B610BDA}.Release|Any CPU.ActiveCfg = Release|Any CPU
		{7047089B-9E44-49BA-A038-0B598B610BDA}.Release|Any CPU.Build.0 = Release|Any CPU
		{A3FC5C7B-006E-4BD8-9264-D240DEB98ACA}.Debug|Any CPU.ActiveCfg = Debug|Any CPU
		{A3FC5C7B-006E-4BD8-9264-D240DEB98ACA}.Debug|Any CPU.Build.0 = Debug|Any CPU
		{A3FC5C7B-006E-4BD8-9264-D240DEB98ACA}.Release|Any CPU.ActiveCfg = Release|Any CPU
		{A3FC5C7B-006E-4BD8-9264-D240DEB98ACA}.Release|Any CPU.Build.0 = Release|Any CPU
	EndGlobalSection
	GlobalSection(SolutionProperties) = preSolution
		HideSolutionNode = FALSE
	EndGlobalSection
	GlobalSection(ExtensibilityGlobals) = postSolution
		SolutionGuid = {8D5FB52D-940F-4ECF-B28F-D71DFC05E3A2}
	EndGlobalSection
EndGlobal
